
Microsoft Visual Studio Solution File, Format Version 12.00
# Visual Studio 15
VisualStudioVersion = 15.0.27703.2018
MinimumVisualStudioVersion = 10.0.40219.1
Project("{FAE04EC0-301F-11D3-BF4B-00C04F79EFBC}") = "MLRDWEB", "MLRDWEB\MLRDWEB.csproj", "{C6D6C6FF-4ED1-4CE7-BDEC-11866290F3AD}"
EndProject
Global
	GlobalSection(SolutionConfigurationPlatforms) = preSolution
		Debug|Any CPU = Debug|Any CPU
		Release|Any CPU = Release|Any CPU
	EndGlobalSection
	GlobalSection(ProjectConfigurationPlatforms) = postSolution
		{C6D6C6FF-4ED1-4CE7-BDEC-11866290F3AD}.Debug|Any CPU.ActiveCfg = Debug|Any CPU
		{C6D6C6FF-4ED1-4CE7-BDEC-11866290F3AD}.Debug|Any CPU.Build.0 = Debug|Any CPU
		{C6D6C6FF-4ED1-4CE7-BDEC-11866290F3AD}.Release|Any CPU.ActiveCfg = Release|Any CPU
		{C6D6C6FF-4ED1-4CE7-BDEC-11866290F3AD}.Release|Any CPU.Build.0 = Release|Any CPU
	EndGlobalSection
	GlobalSection(SolutionProperties) = preSolution
		HideSolutionNode = FALSE
	EndGlobalSection
	GlobalSection(ExtensibilityGlobals) = postSolution
		SolutionGuid = {6EEAD311-BBEB-415D-9FC8-82093C723F5A}
	EndGlobalSection
EndGlobal
